
Microsoft Visual Studio Solution File, Format Version 12.00
# Visual Studio 2012
Project("{F088123C-0E9E-452A-89E6-6BA2F21D5CAC}") = "Class diagram", "Class diagram\Class diagram.modelproj", "{13CE79B6-B5FF-4E98-88B4-C3FE00BB0CA4}"
EndProject
Global
	GlobalSection(SolutionConfigurationPlatforms) = preSolution
		Debug|Any CPU = Debug|Any CPU
		Release|Any CPU = Release|Any CPU
	EndGlobalSection
	GlobalSection(ProjectConfigurationPlatforms) = postSolution
		{13CE79B6-B5FF-4E98-88B4-C3FE00BB0CA4}.Debug|Any CPU.ActiveCfg = Debug|Any CPU
		{13CE79B6-B5FF-4E98-88B4-C3FE00BB0CA4}.Debug|Any CPU.Build.0 = Debug|Any CPU
		{13CE79B6-B5FF-4E98-88B4-C3FE00BB0CA4}.Release|Any CPU.ActiveCfg = Release|Any CPU
		{13CE79B6-B5FF-4E98-88B4-C3FE00BB0CA4}.Release|Any CPU.Build.0 = Release|Any CPU
	EndGlobalSection
	GlobalSection(SolutionProperties) = preSolution
		HideSolutionNode = FALSE
	EndGlobalSection
EndGlobal
